
Microsoft Visual Studio Solution File, Format Version 12.00
# Visual Studio 15
VisualStudioVersion = 15.0.27004.2009
MinimumVisualStudioVersion = 10.0.40219.1
Project("{FAE04EC0-301F-11D3-BF4B-00C04F79EFBC}") = "BatchBot", "BatchBot\BatchBot.csproj", "{775FABD7-C849-46E5-8259-92F96139B5F6}"
EndProject
Global
	GlobalSection(SolutionConfigurationPlatforms) = preSolution
		Debug|Any CPU = Debug|Any CPU
		Release|Any CPU = Release|Any CPU
	EndGlobalSection
	GlobalSection(ProjectConfigurationPlatforms) = postSolution
		{775FABD7-C849-46E5-8259-92F96139B5F6}.Debug|Any CPU.ActiveCfg = Debug|Any CPU
		{775FABD7-C849-46E5-8259-92F96139B5F6}.Debug|Any CPU.Build.0 = Debug|Any CPU
		{775FABD7-C849-46E5-8259-92F96139B5F6}.Release|Any CPU.ActiveCfg = Release|Any CPU
		{775FABD7-C849-46E5-8259-92F96139B5F6}.Release|Any CPU.Build.0 = Release|Any CPU
	EndGlobalSection
	GlobalSection(SolutionProperties) = preSolution
		HideSolutionNode = FALSE
	EndGlobalSection
	GlobalSection(ExtensibilityGlobals) = postSolution
		SolutionGuid = {DAA7E451-43AA-4E4D-9FE5-55BCA3AC858F}
	EndGlobalSection
EndGlobal
